{
  "object": {
    "pins": [
      {
        "package": "COPUS",
        "repositoryURL": "https://github.com/nuclearace/copus",
        "state": {
          "branch": null,
          "revision": "365743902efc1c93730757cea288bef4b90637a0",
          "version": "2.0.0"
        }
      }
    ]
  },
  "version": 1
}
